// !$*UTF8*$!
{
	archiveVersion = 1;
	classes = {
	};
	objectVersion = 77;
	objects = {

/* Begin PBXBuildFile section */
		C8D0E77D2D10673200D1C17B /* Reachability in Frameworks */ = {isa = PBXBuildFile; productRef = C8D0E77C2D10673200D1C17B /* Reachability */; };
/* End PBXBuildFile section */

/* Begin PBXContainerItemProxy section */
		C8652CA42D1039E100AAE357 /* PBXContainerItemProxy */ = {
			isa = PBXContainerItemProxy;
			containerPortal = C8652C8B2D1039DF00AAE357 /* Project object */;
			proxyType = 1;
			remoteGlobalIDString = C8652C922D1039DF00AAE357;
			remoteInfo = WeatherSwiftUIApp;
		};
		C8652CAE2D1039E100AAE357 /* PBXContainerItemProxy */ = {
			isa = PBXContainerItemProxy;
			containerPortal = C8652C8B2D1039DF00AAE357 /* Project object */;
			proxyType = 1;
			remoteGlobalIDString = C8652C922D1039DF00AAE357;
			remoteInfo = WeatherSwiftUIApp;
		};
/* End PBXContainerItemProxy section */

/* Begin PBXFileReference section */
		C8652C932D1039DF00AAE357 /* WeatherSwiftUIApp.app */ = {isa = PBXFileReference; explicitFileType = wrapper.application; includeInIndex = 0; path = WeatherSwiftUIApp.app; sourceTree = BUILT_PRODUCTS_DIR; };
		C8652CA32D1039E100AAE357 /* WeatherSwiftUIAppTests.xctest */ = {isa = PBXFileReference; explicitFileType = wrapper.cfbundle; includeInIndex = 0; path = WeatherSwiftUIAppTests.xctest; sourceTree = BUILT_PRODUCTS_DIR; };
		C8652CAD2D1039E100AAE357 /* WeatherSwiftUIAppUITests.xctest */ = {isa = PBXFileReference; explicitFileType = wrapper.cfbundle; includeInIndex = 0; path = WeatherSwiftUIAppUITests.xctest; sourceTree = BUILT_PRODUCTS_DIR; };
/* End PBXFileReference section */

/* Begin PBXFileSystemSynchronizedRootGroup section */
		C8652C952D1039DF00AAE357 /* WeatherSwiftUIApp */ = {
			isa = PBXFileSystemSynchronizedRootGroup;
			path = WeatherSwiftUIApp;
			sourceTree = "<group>";
		};
		C8652CA62D1039E100AAE357 /* WeatherSwiftUIAppTests */ = {
			isa = PBXFileSystemSynchronizedRootGroup;
			path = WeatherSwiftUIAppTests;
			sourceTree = "<group>";
		};
		C8652CB02D1039E100AAE357 /* WeatherSwiftUIAppUITests */ = {
			isa = PBXFileSystemSynchronizedRootGroup;
			path = WeatherSwiftUIAppUITests;
			sourceTree = "<group>";
		};
/* End PBXFileSystemSynchronizedRootGroup section */

/* Begin PBXFrameworksBuildPhase section */
		C8652C902D1039DF00AAE357 /* Frameworks */ = {
			isa = PBXFrameworksBuildPhase;
			buildActionMask = 2147483647;
			files = (
				C8D0E77D2D10673200D1C17B /* Reachability in Frameworks */,
			);
			runOnlyForDeploymentPostprocessing = 0;
		};
		C8652CA02D1039E100AAE357 /* Frameworks */ = {
			isa = PBXFrameworksBuildPhase;
			buildActionMask = 2147483647;
			files = (
			);
			runOnlyForDeploymentPostprocessing = 0;
		};
		C8652CAA2D1039E100AAE357 /* Frameworks */ = {
			isa = PBXFrameworksBuildPhase;
			buildActionMask = 2147483647;
			files = (
			);
			runOnlyForDeploymentPostprocessing = 0;
		};
/* End PBXFrameworksBuildPhase section */

/* Begin PBXGroup section */
		C8652C8A2D1039DF00AAE357 = {
			isa = PBXGroup;
			children = (
				C8652C952D1039DF00AAE357 /* WeatherSwiftUIApp */,
				C8652CA62D1039E100AAE357 /* WeatherSwiftUIAppTests */,
				C8652CB02D1039E100AAE357 /* WeatherSwiftUIAppUITests */,
				C8652C942D1039DF00AAE357 /* Products */,
			);
			sourceTree = "<group>";
		};
		C8652C942D1039DF00AAE357 /* Products */ = {
			isa = PBXGroup;
			children = (
				C8652C932D1039DF00AAE357 /* WeatherSwiftUIApp.app */,
				C8652CA32D1039E100AAE357 /* WeatherSwiftUIAppTests.xctest */,
				C8652CAD2D1039E100AAE357 /* WeatherSwiftUIAppUITests.xctest */,
			);
			name = Products;
			sourceTree = "<group>";
		};
/* End PBXGroup section */

/* Begin PBXNativeTarget section */
		C8652C922D1039DF00AAE357 /* WeatherSwiftUIApp */ = {
			isa = PBXNativeTarget;
			buildConfigurationList = C8652CB72D1039E100AAE357 /* Build configuration list for PBXNativeTarget "WeatherSwiftUIApp" */;
			buildPhases = (
				C8652C8F2D1039DF00AAE357 /* Sources */,
				C8652C902D1039DF00AAE357 /* Frameworks */,
				C8652C912D1039DF00AAE357 /* Resources */,
			);
			buildRules = (
			);
			dependencies = (
			);
			fileSystemSynchronizedGroups = (
				C8652C952D1039DF00AAE357 /* WeatherSwiftUIApp */,
			);
			name = WeatherSwiftUIApp;
			packageProductDependencies = (
				C8D0E77C2D10673200D1C17B /* Reachability */,
			);
			productName = WeatherSwiftUIApp;
			productReference = C8652C932D1039DF00AAE357 /* WeatherSwiftUIApp.app */;
			productType = "com.apple.product-type.application";
		};
		C8652CA22D1039E100AAE357 /* WeatherSwiftUIAppTests */ = {
			isa = PBXNativeTarget;
			buildConfigurationList = C8652CBA2D1039E100AAE357 /* Build configuration list for PBXNativeTarget "WeatherSwiftUIAppTests" */;
			buildPhases = (
				C8652C9F2D1039E100AAE357 /* Sources */,
				C8652CA02D1039E100AAE357 /* Frameworks */,
				C8652CA12D1039E100AAE357 /* Resources */,
			);
			buildRules = (
			);
			dependencies = (
				C8652CA52D1039E100AAE357 /* PBXTargetDependency */,
			);
			fileSystemSynchronizedGroups = (
				C8652CA62D1039E100AAE357 /* WeatherSwiftUIAppTests */,
			);
			name = WeatherSwiftUIAppTests;
			packageProductDependencies = (
			);
			productName = WeatherSwiftUIAppTests;
			productReference = C8652CA32D1039E100AAE357 /* WeatherSwiftUIAppTests.xctest */;
			productType = "com.apple.product-type.bundle.unit-test";
		};
		C8652CAC2D1039E100AAE357 /* WeatherSwiftUIAppUITests */ = {
			isa = PBXNativeTarget;
			buildConfigurationList = C8652CBD2D1039E100AAE357 /* Build configuration list for PBXNativeTarget "WeatherSwiftUIAppUITests" */;
			buildPhases = (
				C8652CA92D1039E100AAE357 /* Sources */,
				C8652CAA2D1039E100AAE357 /* Frameworks */,
				C8652CAB2D1039E100AAE357 /* Resources */,
			);
			buildRules = (
			);
			dependencies = (
				C8652CAF2D1039E100AAE357 /* PBXTargetDependency */,
			);
			fileSystemSynchronizedGroups = (
				C8652CB02D1039E100AAE357 /* WeatherSwiftUIAppUITests */,
			);
			name = WeatherSwiftUIAppUITests;
			packageProductDependencies = (
			);
			productName = WeatherSwiftUIAppUITests;
			productReference = C8652CAD2D1039E100AAE357 /* WeatherSwiftUIAppUITests.xctest */;
			productType = "com.apple.product-type.bundle.ui-testing";
		};
/* End PBXNativeTarget section */

/* Begin PBXProject section */
		C8652C8B2D1039DF00AAE357 /* Project object */ = {
			isa = PBXProject;
			attributes = {
				BuildIndependentTargetsInParallel = 1;
				LastSwiftUpdateCheck = 1610;
				LastUpgradeCheck = 1610;
				TargetAttributes = {
					C8652C922D1039DF00AAE357 = {
						CreatedOnToolsVersion = 16.1;
					};
					C8652CA22D1039E100AAE357 = {
						CreatedOnToolsVersion = 16.1;
						TestTargetID = C8652C922D1039DF00AAE357;
					};
					C8652CAC2D1039E100AAE357 = {
						CreatedOnToolsVersion = 16.1;
						TestTargetID = C8652C922D1039DF00AAE357;
					};
				};
			};
			buildConfigurationList = C8652C8E2D1039DF00AAE357 /* Build configuration list for PBXProject "WeatherSwiftUIApp" */;
			developmentRegion = en;
			hasScannedForEncodings = 0;
			knownRegions = (
				en,
				Base,
			);
			mainGroup = C8652C8A2D1039DF00AAE357;
			minimizedProjectReferenceProxies = 1;
			packageReferences = (
				C8652CEF2D10669E00AAE357 /* XCRemoteSwiftPackageReference "Reachability" */,
			);
			preferredProjectObjectVersion = 77;
			productRefGroup = C8652C942D1039DF00AAE357 /* Products */;
			projectDirPath = "";
			projectRoot = "";
			targets = (
				C8652C922D1039DF00AAE357 /* WeatherSwiftUIApp */,
				C8652CA22D1039E100AAE357 /* WeatherSwiftUIAppTests */,
				C8652CAC2D1039E100AAE357 /* WeatherSwiftUIAppUITests */,
			);
		};
/* End PBXProject section */

/* Begin PBXResourcesBuildPhase section */
		C8652C912D1039DF00AAE357 /* Resources */ = {
			isa = PBXResourcesBuildPhase;
			buildActionMask = 2147483647;
			files = (
			);
			runOnlyForDeploymentPostprocessing = 0;
		};
		C8652CA12D1039E100AAE357 /* Resources */ = {
			isa = PBXResourcesBuildPhase;
			buildActionMask = 2147483647;
			files = (
			);
			runOnlyForDeploymentPostprocessing = 0;
		};
		C8652CAB2D1039E100AAE357 /* Resources */ = {
			isa = PBXResourcesBuildPhase;
			buildActionMask = 2147483647;
			files = (
			);
			runOnlyForDeploymentPostprocessing = 0;
		};
/* End PBXResourcesBuildPhase section */

/* Begin PBXSourcesBuildPhase section */
		C8652C8F2D1039DF00AAE357 /* Sources */ = {
			isa = PBXSourcesBuildPhase;
			buildActionMask = 2147483647;
			files = (
			);
			runOnlyForDeploymentPostprocessing = 0;
		};
		C8652C9F2D1039E100AAE357 /* Sources */ = {
			isa = PBXSourcesBuildPhase;
			buildActionMask = 2147483647;
			files = (
			);
			runOnlyForDeploymentPostprocessing = 0;
		};
		C8652CA92D1039E100AAE357 /* Sources */ = {
			isa = PBXSourcesBuildPhase;
			buildActionMask = 2147483647;
			files = (
			);
			runOnlyForDeploymentPostprocessing = 0;
		};
/* End PBXSourcesBuildPhase section */

/* Begin PBXTargetDependency section */
		C8652CA52D1039E100AAE357 /* PBXTargetDependency */ = {
			isa = PBXTargetDependency;
			target = C8652C922D1039DF00AAE357 /* WeatherSwiftUIApp */;
			targetProxy = C8652CA42D1039E100AAE357 /* PBXContainerItemProxy */;
		};
		C8652CAF2D1039E100AAE357 /* PBXTargetDependency */ = {
			isa = PBXTargetDependency;
			target = C8652C922D1039DF00AAE357 /* WeatherSwiftUIApp */;
			targetProxy = C8652CAE2D1039E100AAE357 /* PBXContainerItemProxy */;
		};
/* End PBXTargetDependency section */

/* Begin XCBuildConfiguration section */
		C8652CB52D1039E100AAE357 /* Debug */ = {
			isa = XCBuildConfiguration;
			buildSettings = {
				ALWAYS_SEARCH_USER_PATHS = NO;
				ASSETCATALOG_COMPILER_GENERATE_SWIFT_ASSET_SYMBOL_EXTENSIONS = YES;
				CLANG_ANALYZER_NONNULL = YES;
				CLANG_ANALYZER_NUMBER_OBJECT_CONVERSION = YES_AGGRESSIVE;
				CLANG_CXX_LANGUAGE_STANDARD = "gnu++20";
				CLANG_ENABLE_MODULES = YES;
				CLANG_ENABLE_OBJC_ARC = YES;
				CLANG_ENABLE_OBJC_WEAK = YES;
				CLANG_WARN_BLOCK_CAPTURE_AUTORELEASING = YES;
				CLANG_WARN_BOOL_CONVERSION = YES;
				CLANG_WARN_COMMA = YES;
				CLANG_WARN_CONSTANT_CONVERSION = YES;
				CLANG_WARN_DEPRECATED_OBJC_IMPLEMENTATIONS = YES;
				CLANG_WARN_DIRECT_OBJC_ISA_USAGE = YES_ERROR;
				CLANG_WARN_DOCUMENTATION_COMMENTS = YES;
				CLANG_WARN_EMPTY_BODY = YES;
				CLANG_WARN_ENUM_CONVERSION = YES;
				CLANG_WARN_INFINITE_RECURSION = YES;
				CLANG_WARN_INT_CONVERSION = YES;
				CLANG_WARN_NON_LITERAL_NULL_CONVERSION = YES;
				CLANG_WARN_OBJC_IMPLICIT_RETAIN_SELF = YES;
				CLANG_WARN_OBJC_LITERAL_CONVERSION = YES;
				CLANG_WARN_OBJC_ROOT_CLASS = YES_ERROR;
				CLANG_WARN_QUOTED_INCLUDE_IN_FRAMEWORK_HEADER = YES;
				CLANG_WARN_RANGE_LOOP_ANALYSIS = YES;
				CLANG_WARN_STRICT_PROTOTYPES = YES;
				CLANG_WARN_SUSPICIOUS_MOVE = YES;
				CLANG_WARN_UNGUARDED_AVAILABILITY = YES_AGGRESSIVE;
				CLANG_WARN_UNREACHABLE_CODE = YES;
				CLANG_WARN__DUPLICATE_METHOD_MATCH = YES;
				COPY_PHASE_STRIP = NO;
				DEBUG_INFORMATION_FORMAT = dwarf;
				ENABLE_STRICT_OBJC_MSGSEND = YES;
				ENABLE_TESTABILITY = YES;
				ENABLE_USER_SCRIPT_SANDBOXING = YES;
				GCC_C_LANGUAGE_STANDARD = gnu17;
				GCC_DYNAMIC_NO_PIC = NO;
				GCC_NO_COMMON_BLOCKS = YES;
				GCC_OPTIMIZATION_LEVEL = 0;
				GCC_PREPROCESSOR_DEFINITIONS = (
					"DEBUG=1",
					"$(inherited)",
				);
				GCC_WARN_64_TO_32_BIT_CONVERSION = YES;
				GCC_WARN_ABOUT_RETURN_TYPE = YES_ERROR;
				GCC_WARN_UNDECLARED_SELECTOR = YES;
				GCC_WARN_UNINITIALIZED_AUTOS = YES_AGGRESSIVE;
				GCC_WARN_UNUSED_FUNCTION = YES;
				GCC_WARN_UNUSED_VARIABLE = YES;
				IPHONEOS_DEPLOYMENT_TARGET = 18.1;
				LOCALIZATION_PREFERS_STRING_CATALOGS = YES;
				MTL_ENABLE_DEBUG_INFO = INCLUDE_SOURCE;
				MTL_FAST_MATH = YES;
				ONLY_ACTIVE_ARCH = YES;
				SDKROOT = iphoneos;
				SWIFT_ACTIVE_COMPILATION_CONDITIONS = "DEBUG $(inherited)";
				SWIFT_OPTIMIZATION_LEVEL = "-Onone";
			};
			name = Debug;
		};
		C8652CB62D1039E100AAE357 /* Release */ = {
			isa = XCBuildConfiguration;
			buildSettings = {
				ALWAYS_SEARCH_USER_PATHS = NO;
				ASSETCATALOG_COMPILER_GENERATE_SWIFT_ASSET_SYMBOL_EXTENSIONS = YES;
				CLANG_ANALYZER_NONNULL = YES;
				CLANG_ANALYZER_NUMBER_OBJECT_CONVERSION = YES_AGGRESSIVE;
				CLANG_CXX_LANGUAGE_STANDARD = "gnu++20";
				CLANG_ENABLE_MODULES = YES;
				CLANG_ENABLE_OBJC_ARC = YES;
				CLANG_ENABLE_OBJC_WEAK = YES;
				CLANG_WARN_BLOCK_CAPTURE_AUTORELEASING = YES;
				CLANG_WARN_BOOL_CONVERSION = YES;
				CLANG_WARN_COMMA = YES;
				CLANG_WARN_CONSTANT_CONVERSION = YES;
				CLANG_WARN_DEPRECATED_OBJC_IMPLEMENTATIONS = YES;
				CLANG_WARN_DIRECT_OBJC_ISA_USAGE = YES_ERROR;
				CLANG_WARN_DOCUMENTATION_COMMENTS = YES;
				CLANG_WARN_EMPTY_BODY = YES;
				CLANG_WARN_ENUM_CONVERSION = YES;
				CLANG_WARN_INFINITE_RECURSION = YES;
				CLANG_WARN_INT_CONVERSION = YES;
				CLANG_WARN_NON_LITERAL_NULL_CONVERSION = YES;
				CLANG_WARN_OBJC_IMPLICIT_RETAIN_SELF = YES;
				CLANG_WARN_OBJC_LITERAL_CONVERSION = YES;
				CLANG_WARN_OBJC_ROOT_CLASS = YES_ERROR;
				CLANG_WARN_QUOTED_INCLUDE_IN_FRAMEWORK_HEADER = YES;
				CLANG_WARN_RANGE_LOOP_ANALYSIS = YES;
				CLANG_WARN_STRICT_PROTOTYPES = YES;
				CLANG_WARN_SUSPICIOUS_MOVE = YES;
				CLANG_WARN_UNGUARDED_AVAILABILITY = YES_AGGRESSIVE;
				CLANG_WARN_UNREACHABLE_CODE = YES;
				CLANG_WARN__DUPLICATE_METHOD_MATCH = YES;
				COPY_PHASE_STRIP = NO;
				DEBUG_INFORMATION_FORMAT = "dwarf-with-dsym";
				ENABLE_NS_ASSERTIONS = NO;
				ENABLE_STRICT_OBJC_MSGSEND = YES;
				ENABLE_USER_SCRIPT_SANDBOXING = YES;
				GCC_C_LANGUAGE_STANDARD = gnu17;
				GCC_NO_COMMON_BLOCKS = YES;
				GCC_WARN_64_TO_32_BIT_CONVERSION = YES;
				GCC_WARN_ABOUT_RETURN_TYPE = YES_ERROR;
				GCC_WARN_UNDECLARED_SELECTOR = YES;
				GCC_WARN_UNINITIALIZED_AUTOS = YES_AGGRESSIVE;
				GCC_WARN_UNUSED_FUNCTION = YES;
				GCC_WARN_UNUSED_VARIABLE = YES;
				IPHONEOS_DEPLOYMENT_TARGET = 18.1;
				LOCALIZATION_PREFERS_STRING_CATALOGS = YES;
				MTL_ENABLE_DEBUG_INFO = NO;
				MTL_FAST_MATH = YES;
				SDKROOT = iphoneos;
				SWIFT_COMPILATION_MODE = wholemodule;
				VALIDATE_PRODUCT = YES;
			};
			name = Release;
		};
		C8652CB82D1039E100AAE357 /* Debug */ = {
			isa = XCBuildConfiguration;
			buildSettings = {
				ASSETCATALOG_COMPILER_APPICON_NAME = AppIcon;
				ASSETCATALOG_COMPILER_GLOBAL_ACCENT_COLOR_NAME = AccentColor;
				CODE_SIGN_STYLE = Automatic;
				CURRENT_PROJECT_VERSION = 1;
				DEVELOPMENT_ASSET_PATHS = "\"WeatherSwiftUIApp/Preview Content\"";
				DEVELOPMENT_TEAM = UFUK49C4PL;
				ENABLE_PREVIEWS = YES;
				GENERATE_INFOPLIST_FILE = YES;
				INFOPLIST_KEY_UIApplicationSceneManifest_Generation = YES;
				INFOPLIST_KEY_UIApplicationSupportsIndirectInputEvents = YES;
				INFOPLIST_KEY_UILaunchScreen_Generation = YES;
				INFOPLIST_KEY_UISupportedInterfaceOrientations_iPad = "UIInterfaceOrientationPortrait UIInterfaceOrientationPortraitUpsideDown UIInterfaceOrientationLandscapeLeft UIInterfaceOrientationLandscapeRight";
				INFOPLIST_KEY_UISupportedInterfaceOrientations_iPhone = "UIInterfaceOrientationPortrait UIInterfaceOrientationLandscapeLeft UIInterfaceOrientationLandscapeRight";
				LD_RUNPATH_SEARCH_PATHS = (
					"$(inherited)",
					"@executable_path/Frameworks",
				);
				MARKETING_VERSION = 1.0;
				PRODUCT_BUNDLE_IDENTIFIER = com.appostafat.WeatherSwiftUIApp;
				PRODUCT_NAME = "$(TARGET_NAME)";
				SWIFT_EMIT_LOC_STRINGS = YES;
				SWIFT_VERSION = 5.0;
				TARGETED_DEVICE_FAMILY = "1,2";
			};
			name = Debug;
		};
		C8652CB92D1039E100AAE357 /* Release */ = {
			isa = XCBuildConfiguration;
			buildSettings = {
				ASSETCATALOG_COMPILER_APPICON_NAME = AppIcon;
				ASSETCATALOG_COMPILER_GLOBAL_ACCENT_COLOR_NAME = AccentColor;
				CODE_SIGN_STYLE = Automatic;
				CURRENT_PROJECT_VERSION = 1;
				DEVELOPMENT_ASSET_PATHS = "\"WeatherSwiftUIApp/Preview Content\"";
				DEVELOPMENT_TEAM = UFUK49C4PL;
				ENABLE_PREVIEWS = YES;
				GENERATE_INFOPLIST_FILE = YES;
				INFOPLIST_KEY_UIApplicationSceneManifest_Generation = YES;
				INFOPLIST_KEY_UIApplicationSupportsIndirectInputEvents = YES;
				INFOPLIST_KEY_UILaunchScreen_Generation = YES;
				INFOPLIST_KEY_UISupportedInterfaceOrientations_iPad = "UIInterfaceOrientationPortrait UIInterfaceOrientationPortraitUpsideDown UIInterfaceOrientationLandscapeLeft UIInterfaceOrientationLandscapeRight";
				INFOPLIST_KEY_UISupportedInterfaceOrientations_iPhone = "UIInterfaceOrientationPortrait UIInterfaceOrientationLandscapeLeft UIInterfaceOrientationLandscapeRight";
				LD_RUNPATH_SEARCH_PATHS = (
					"$(inherited)",
					"@executable_path/Frameworks",
				);
				MARKETING_VERSION = 1.0;
				PRODUCT_BUNDLE_IDENTIFIER = com.appostafat.WeatherSwiftUIApp;
				PRODUCT_NAME = "$(TARGET_NAME)";
				SWIFT_EMIT_LOC_STRINGS = YES;
				SWIFT_VERSION = 5.0;
				TARGETED_DEVICE_FAMILY = "1,2";
			};
			name = Release;
		};
		C8652CBB2D1039E100AAE357 /* Debug */ = {
			isa = XCBuildConfiguration;
			buildSettings = {
				BUNDLE_LOADER = "$(TEST_HOST)";
				CODE_SIGN_STYLE = Automatic;
				CURRENT_PROJECT_VERSION = 1;
				DEVELOPMENT_TEAM = UFUK49C4PL;
				GENERATE_INFOPLIST_FILE = YES;
				IPHONEOS_DEPLOYMENT_TARGET = 18.1;
				MARKETING_VERSION = 1.0;
				PRODUCT_BUNDLE_IDENTIFIER = com.appostafat.WeatherSwiftUIAppTests;
				PRODUCT_NAME = "$(TARGET_NAME)";
				SWIFT_EMIT_LOC_STRINGS = NO;
				SWIFT_VERSION = 5.0;
				TARGETED_DEVICE_FAMILY = "1,2";
				TEST_HOST = "$(BUILT_PRODUCTS_DIR)/WeatherSwiftUIApp.app/$(BUNDLE_EXECUTABLE_FOLDER_PATH)/WeatherSwiftUIApp";
			};
			name = Debug;
		};
		C8652CBC2D1039E100AAE357 /* Release */ = {
			isa = XCBuildConfiguration;
			buildSettings = {
				BUNDLE_LOADER = "$(TEST_HOST)";
				CODE_SIGN_STYLE = Automatic;
				CURRENT_PROJECT_VERSION = 1;
				DEVELOPMENT_TEAM = UFUK49C4PL;
				GENERATE_INFOPLIST_FILE = YES;
				IPHONEOS_DEPLOYMENT_TARGET = 18.1;
				MARKETING_VERSION = 1.0;
				PRODUCT_BUNDLE_IDENTIFIER = com.appostafat.WeatherSwiftUIAppTests;
				PRODUCT_NAME = "$(TARGET_NAME)";
				SWIFT_EMIT_LOC_STRINGS = NO;
				SWIFT_VERSION = 5.0;
				TARGETED_DEVICE_FAMILY = "1,2";
				TEST_HOST = "$(BUILT_PRODUCTS_DIR)/WeatherSwiftUIApp.app/$(BUNDLE_EXECUTABLE_FOLDER_PATH)/WeatherSwiftUIApp";
			};
			name = Release;
		};
		C8652CBE2D1039E100AAE357 /* Debug */ = {
			isa = XCBuildConfiguration;
			buildSettings = {
				CODE_SIGN_STYLE = Automatic;
				CURRENT_PROJECT_VERSION = 1;
				DEVELOPMENT_TEAM = UFUK49C4PL;
				GENERATE_INFOPLIST_FILE = YES;
				MARKETING_VERSION = 1.0;
				PRODUCT_BUNDLE_IDENTIFIER = com.appostafat.WeatherSwiftUIAppUITests;
				PRODUCT_NAME = "$(TARGET_NAME)";
				SWIFT_EMIT_LOC_STRINGS = NO;
				SWIFT_VERSION = 5.0;
				TARGETED_DEVICE_FAMILY = "1,2";
				TEST_TARGET_NAME = WeatherSwiftUIApp;
			};
			name = Debug;
		};
		C8652CBF2D1039E100AAE357 /* Release */ = {
			isa = XCBuildConfiguration;
			buildSettings = {
				CODE_SIGN_STYLE = Automatic;
				CURRENT_PROJECT_VERSION = 1;
				DEVELOPMENT_TEAM = UFUK49C4PL;
				GENERATE_INFOPLIST_FILE = YES;
				MARKETING_VERSION = 1.0;
				PRODUCT_BUNDLE_IDENTIFIER = com.appostafat.WeatherSwiftUIAppUITests;
				PRODUCT_NAME = "$(TARGET_NAME)";
				SWIFT_EMIT_LOC_STRINGS = NO;
				SWIFT_VERSION = 5.0;
				TARGETED_DEVICE_FAMILY = "1,2";
				TEST_TARGET_NAME = WeatherSwiftUIApp;
			};
			name = Release;
		};
/* End XCBuildConfiguration section */

/* Begin XCConfigurationList section */
		C8652C8E2D1039DF00AAE357 /* Build configuration list for PBXProject "WeatherSwiftUIApp" */ = {
			isa = XCConfigurationList;
			buildConfigurations = (
				C8652CB52D1039E100AAE357 /* Debug */,
				C8652CB62D1039E100AAE357 /* Release */,
			);
			defaultConfigurationIsVisible = 0;
			defaultConfigurationName = Release;
		};
		C8652CB72D1039E100AAE357 /* Build configuration list for PBXNativeTarget "WeatherSwiftUIApp" */ = {
			isa = XCConfigurationList;
			buildConfigurations = (
				C8652CB82D1039E100AAE357 /* Debug */,
				C8652CB92D1039E100AAE357 /* Release */,
			);
			defaultConfigurationIsVisible = 0;
			defaultConfigurationName = Release;
		};
		C8652CBA2D1039E100AAE357 /* Build configuration list for PBXNativeTarget "WeatherSwiftUIAppTests" */ = {
			isa = XCConfigurationList;
			buildConfigurations = (
				C8652CBB2D1039E100AAE357 /* Debug */,
				C8652CBC2D1039E100AAE357 /* Release */,
			);
			defaultConfigurationIsVisible = 0;
			defaultConfigurationName = Release;
		};
		C8652CBD2D1039E100AAE357 /* Build configuration list for PBXNativeTarget "WeatherSwiftUIAppUITests" */ = {
			isa = XCConfigurationList;
			buildConfigurations = (
				C8652CBE2D1039E100AAE357 /* Debug */,
				C8652CBF2D1039E100AAE357 /* Release */,
			);
			defaultConfigurationIsVisible = 0;
			defaultConfigurationName = Release;
		};
/* End XCConfigurationList section */

/* Begin XCRemoteSwiftPackageReference section */
		C8652CEF2D10669E00AAE357 /* XCRemoteSwiftPackageReference "Reachability" */ = {
			isa = XCRemoteSwiftPackageReference;
			repositoryURL = "https://github.com/ashleymills/Reachability.swift";
			requirement = {
				branch = master;
				kind = branch;
			};
		};
/* End XCRemoteSwiftPackageReference section */

/* Begin XCSwiftPackageProductDependency section */
		C8D0E77C2D10673200D1C17B /* Reachability */ = {
			isa = XCSwiftPackageProductDependency;
			package = C8652CEF2D10669E00AAE357 /* XCRemoteSwiftPackageReference "Reachability" */;
			productName = Reachability;
		};
/* End XCSwiftPackageProductDependency section */
	};
	rootObject = C8652C8B2D1039DF00AAE357 /* Project object */;
}
